// !$*UTF8*$!
{
	archiveVersion = 1;
	classes = {
	};
	objectVersion = 70;
	objects = {

/* Begin PBXBuildFile section */
		BB0742FA2CD175E600AD98FF /* FirebaseAuth in Frameworks */ = {isa = PBXBuildFile; productRef = BB0742F92CD175E600AD98FF /* FirebaseAuth */; };
		BB0742FC2CD175EA00AD98FF /* FirebaseAnalytics in Frameworks */ = {isa = PBXBuildFile; productRef = BB0742FB2CD175EA00AD98FF /* FirebaseAnalytics */; };
		BB0742FE2CD175ED00AD98FF /* FirebaseCore in Frameworks */ = {isa = PBXBuildFile; productRef = BB0742FD2CD175ED00AD98FF /* FirebaseCore */; };
		BB504B222CE2572E00F6E23B /* FirebaseFirestore in Frameworks */ = {isa = PBXBuildFile; productRef = BB504B212CE2572E00F6E23B /* FirebaseFirestore */; };
/* End PBXBuildFile section */

/* Begin PBXContainerItemProxy section */
		45FA55032CB8279300C5292D /* PBXContainerItemProxy */ = {
			isa = PBXContainerItemProxy;
			containerPortal = 45FA54EA2CB8278800C5292D /* Project object */;
			proxyType = 1;
			remoteGlobalIDString = 45FA54F12CB8278900C5292D;
			remoteInfo = MakeABet;
		};
		45FA550D2CB8279300C5292D /* PBXContainerItemProxy */ = {
			isa = PBXContainerItemProxy;
			containerPortal = 45FA54EA2CB8278800C5292D /* Project object */;
			proxyType = 1;
			remoteGlobalIDString = 45FA54F12CB8278900C5292D;
			remoteInfo = MakeABet;
		};
/* End PBXContainerItemProxy section */

/* Begin PBXFileReference section */
		45FA54F22CB8278900C5292D /* MakeABet.app */ = {isa = PBXFileReference; explicitFileType = wrapper.application; includeInIndex = 0; path = MakeABet.app; sourceTree = BUILT_PRODUCTS_DIR; };
		45FA55022CB8279300C5292D /* MakeABetTests.xctest */ = {isa = PBXFileReference; explicitFileType = wrapper.cfbundle; includeInIndex = 0; path = MakeABetTests.xctest; sourceTree = BUILT_PRODUCTS_DIR; };
		45FA550C2CB8279300C5292D /* MakeABetUITests.xctest */ = {isa = PBXFileReference; explicitFileType = wrapper.cfbundle; includeInIndex = 0; path = MakeABetUITests.xctest; sourceTree = BUILT_PRODUCTS_DIR; };
/* End PBXFileReference section */

/* Begin PBXFileSystemSynchronizedRootGroup section */
		45FA54F42CB8278900C5292D /* MakeABet */ = {isa = PBXFileSystemSynchronizedRootGroup; explicitFileTypes = {}; explicitFolders = (); path = MakeABet; sourceTree = "<group>"; };
		45FA55052CB8279300C5292D /* MakeABetTests */ = {isa = PBXFileSystemSynchronizedRootGroup; explicitFileTypes = {}; explicitFolders = (); path = MakeABetTests; sourceTree = "<group>"; };
		45FA550F2CB8279300C5292D /* MakeABetUITests */ = {isa = PBXFileSystemSynchronizedRootGroup; explicitFileTypes = {}; explicitFolders = (); path = MakeABetUITests; sourceTree = "<group>"; };
/* End PBXFileSystemSynchronizedRootGroup section */

/* Begin PBXFrameworksBuildPhase section */
		45FA54EF2CB8278900C5292D /* Frameworks */ = {
			isa = PBXFrameworksBuildPhase;
			buildActionMask = 2147483647;
			files = (
				BB0742FC2CD175EA00AD98FF /* FirebaseAnalytics in Frameworks */,
				BB504B222CE2572E00F6E23B /* FirebaseFirestore in Frameworks */,
				BB0742FE2CD175ED00AD98FF /* FirebaseCore in Frameworks */,
				BB0742FA2CD175E600AD98FF /* FirebaseAuth in Frameworks */,
			);
			runOnlyForDeploymentPostprocessing = 0;
		};
		45FA54FF2CB8279300C5292D /* Frameworks */ = {
			isa = PBXFrameworksBuildPhase;
			buildActionMask = 2147483647;
			files = (
			);
			runOnlyForDeploymentPostprocessing = 0;
		};
		45FA55092CB8279300C5292D /* Frameworks */ = {
			isa = PBXFrameworksBuildPhase;
			buildActionMask = 2147483647;
			files = (
			);
			runOnlyForDeploymentPostprocessing = 0;
		};
/* End PBXFrameworksBuildPhase section */

/* Begin PBXGroup section */
		45FA54E92CB8278800C5292D = {
			isa = PBXGroup;
			children = (
				45FA54F42CB8278900C5292D /* MakeABet */,
				45FA55052CB8279300C5292D /* MakeABetTests */,
				45FA550F2CB8279300C5292D /* MakeABetUITests */,
				BB0742F82CD175E600AD98FF /* Frameworks */,
				45FA54F32CB8278900C5292D /* Products */,
			);
			sourceTree = "<group>";
		};
		45FA54F32CB8278900C5292D /* Products */ = {
			isa = PBXGroup;
			children = (
				45FA54F22CB8278900C5292D /* MakeABet.app */,
				45FA55022CB8279300C5292D /* MakeABetTests.xctest */,
				45FA550C2CB8279300C5292D /* MakeABetUITests.xctest */,
			);
			name = Products;
			sourceTree = "<group>";
		};
		BB0742F82CD175E600AD98FF /* Frameworks */ = {
			isa = PBXGroup;
			children = (
			);
			name = Frameworks;
			sourceTree = "<group>";
		};
/* End PBXGroup section */

/* Begin PBXNativeTarget section */
		45FA54F12CB8278900C5292D /* MakeABet */ = {
			isa = PBXNativeTarget;
			buildConfigurationList = 45FA55162CB8279300C5292D /* Build configuration list for PBXNativeTarget "MakeABet" */;
			buildPhases = (
				45FA54EE2CB8278900C5292D /* Sources */,
				45FA54EF2CB8278900C5292D /* Frameworks */,
				45FA54F02CB8278900C5292D /* Resources */,
			);
			buildRules = (
			);
			dependencies = (
			);
			fileSystemSynchronizedGroups = (
				45FA54F42CB8278900C5292D /* MakeABet */,
			);
			name = MakeABet;
			packageProductDependencies = (
				BB0742F92CD175E600AD98FF /* FirebaseAuth */,
				BB0742FB2CD175EA00AD98FF /* FirebaseAnalytics */,
				BB0742FD2CD175ED00AD98FF /* FirebaseCore */,
				BB504B212CE2572E00F6E23B /* FirebaseFirestore */,
			);
			productName = MakeABet;
			productReference = 45FA54F22CB8278900C5292D /* MakeABet.app */;
			productType = "com.apple.product-type.application";
		};
		45FA55012CB8279300C5292D /* MakeABetTests */ = {
			isa = PBXNativeTarget;
			buildConfigurationList = 45FA55192CB8279300C5292D /* Build configuration list for PBXNativeTarget "MakeABetTests" */;
			buildPhases = (
				45FA54FE2CB8279300C5292D /* Sources */,
				45FA54FF2CB8279300C5292D /* Frameworks */,
				45FA55002CB8279300C5292D /* Resources */,
			);
			buildRules = (
			);
			dependencies = (
				45FA55042CB8279300C5292D /* PBXTargetDependency */,
			);
			fileSystemSynchronizedGroups = (
				45FA55052CB8279300C5292D /* MakeABetTests */,
			);
			name = MakeABetTests;
			packageProductDependencies = (
			);
			productName = MakeABetTests;
			productReference = 45FA55022CB8279300C5292D /* MakeABetTests.xctest */;
			productType = "com.apple.product-type.bundle.unit-test";
		};
		45FA550B2CB8279300C5292D /* MakeABetUITests */ = {
			isa = PBXNativeTarget;
			buildConfigurationList = 45FA551C2CB8279300C5292D /* Build configuration list for PBXNativeTarget "MakeABetUITests" */;
			buildPhases = (
				45FA55082CB8279300C5292D /* Sources */,
				45FA55092CB8279300C5292D /* Frameworks */,
				45FA550A2CB8279300C5292D /* Resources */,
			);
			buildRules = (
			);
			dependencies = (
				45FA550E2CB8279300C5292D /* PBXTargetDependency */,
			);
			fileSystemSynchronizedGroups = (
				45FA550F2CB8279300C5292D /* MakeABetUITests */,
			);
			name = MakeABetUITests;
			packageProductDependencies = (
			);
			productName = MakeABetUITests;
			productReference = 45FA550C2CB8279300C5292D /* MakeABetUITests.xctest */;
			productType = "com.apple.product-type.bundle.ui-testing";
		};
/* End PBXNativeTarget section */

/* Begin PBXProject section */
		45FA54EA2CB8278800C5292D /* Project object */ = {
			isa = PBXProject;
			attributes = {
				BuildIndependentTargetsInParallel = 1;
				LastSwiftUpdateCheck = 1600;
				LastUpgradeCheck = 1600;
				TargetAttributes = {
					45FA54F12CB8278900C5292D = {
						CreatedOnToolsVersion = 16.0;
					};
					45FA55012CB8279300C5292D = {
						CreatedOnToolsVersion = 16.0;
						TestTargetID = 45FA54F12CB8278900C5292D;
					};
					45FA550B2CB8279300C5292D = {
						CreatedOnToolsVersion = 16.0;
						TestTargetID = 45FA54F12CB8278900C5292D;
					};
				};
			};
			buildConfigurationList = 45FA54ED2CB8278800C5292D /* Build configuration list for PBXProject "MakeABet" */;
			compatibilityVersion = "Xcode 15.3";
			developmentRegion = en;
			hasScannedForEncodings = 0;
			knownRegions = (
				en,
				Base,
			);
			mainGroup = 45FA54E92CB8278800C5292D;
			minimizedProjectReferenceProxies = 1;
			packageReferences = (
				BB0742CC2CD16B2B00AD98FF /* XCRemoteSwiftPackageReference "firebase-ios-sdk" */,
			);
			productRefGroup = 45FA54F32CB8278900C5292D /* Products */;
			projectDirPath = "";
			projectRoot = "";
			targets = (
				45FA54F12CB8278900C5292D /* MakeABet */,
				45FA55012CB8279300C5292D /* MakeABetTests */,
				45FA550B2CB8279300C5292D /* MakeABetUITests */,
			);
		};
/* End PBXProject section */

/* Begin PBXResourcesBuildPhase section */
		45FA54F02CB8278900C5292D /* Resources */ = {
			isa = PBXResourcesBuildPhase;
			buildActionMask = 2147483647;
			files = (
			);
			runOnlyForDeploymentPostprocessing = 0;
		};
		45FA55002CB8279300C5292D /* Resources */ = {
			isa = PBXResourcesBuildPhase;
			buildActionMask = 2147483647;
			files = (
			);
			runOnlyForDeploymentPostprocessing = 0;
		};
		45FA550A2CB8279300C5292D /* Resources */ = {
			isa = PBXResourcesBuildPhase;
			buildActionMask = 2147483647;
			files = (
			);
			runOnlyForDeploymentPostprocessing = 0;
		};
/* End PBXResourcesBuildPhase section */

/* Begin PBXSourcesBuildPhase section */
		45FA54EE2CB8278900C5292D /* Sources */ = {
			isa = PBXSourcesBuildPhase;
			buildActionMask = 2147483647;
			files = (
			);
			runOnlyForDeploymentPostprocessing = 0;
		};
		45FA54FE2CB8279300C5292D /* Sources */ = {
			isa = PBXSourcesBuildPhase;
			buildActionMask = 2147483647;
			files = (
			);
			runOnlyForDeploymentPostprocessing = 0;
		};
		45FA55082CB8279300C5292D /* Sources */ = {
			isa = PBXSourcesBuildPhase;
			buildActionMask = 2147483647;
			files = (
			);
			runOnlyForDeploymentPostprocessing = 0;
		};
/* End PBXSourcesBuildPhase section */

/* Begin PBXTargetDependency section */
		45FA55042CB8279300C5292D /* PBXTargetDependency */ = {
			isa = PBXTargetDependency;
			target = 45FA54F12CB8278900C5292D /* MakeABet */;
			targetProxy = 45FA55032CB8279300C5292D /* PBXContainerItemProxy */;
		};
		45FA550E2CB8279300C5292D /* PBXTargetDependency */ = {
			isa = PBXTargetDependency;
			target = 45FA54F12CB8278900C5292D /* MakeABet */;
			targetProxy = 45FA550D2CB8279300C5292D /* PBXContainerItemProxy */;
		};
/* End PBXTargetDependency section */

/* Begin XCBuildConfiguration section */
		45FA55142CB8279300C5292D /* Debug */ = {
			isa = XCBuildConfiguration;
			buildSettings = {
				ALWAYS_SEARCH_USER_PATHS = NO;
				ASSETCATALOG_COMPILER_GENERATE_SWIFT_ASSET_SYMBOL_EXTENSIONS = YES;
				CLANG_ANALYZER_NONNULL = YES;
				CLANG_ANALYZER_NUMBER_OBJECT_CONVERSION = YES_AGGRESSIVE;
				CLANG_CXX_LANGUAGE_STANDARD = "gnu++20";
				CLANG_ENABLE_MODULES = YES;
				CLANG_ENABLE_OBJC_ARC = YES;
				CLANG_ENABLE_OBJC_WEAK = YES;
				CLANG_WARN_BLOCK_CAPTURE_AUTORELEASING = YES;
				CLANG_WARN_BOOL_CONVERSION = YES;
				CLANG_WARN_COMMA = YES;
				CLANG_WARN_CONSTANT_CONVERSION = YES;
				CLANG_WARN_DEPRECATED_OBJC_IMPLEMENTATIONS = YES;
				CLANG_WARN_DIRECT_OBJC_ISA_USAGE = YES_ERROR;
				CLANG_WARN_DOCUMENTATION_COMMENTS = YES;
				CLANG_WARN_EMPTY_BODY = YES;
				CLANG_WARN_ENUM_CONVERSION = YES;
				CLANG_WARN_INFINITE_RECURSION = YES;
				CLANG_WARN_INT_CONVERSION = YES;
				CLANG_WARN_NON_LITERAL_NULL_CONVERSION = YES;
				CLANG_WARN_OBJC_IMPLICIT_RETAIN_SELF = YES;
				CLANG_WARN_OBJC_LITERAL_CONVERSION = YES;
				CLANG_WARN_OBJC_ROOT_CLASS = YES_ERROR;
				CLANG_WARN_QUOTED_INCLUDE_IN_FRAMEWORK_HEADER = YES;
				CLANG_WARN_RANGE_LOOP_ANALYSIS = YES;
				CLANG_WARN_STRICT_PROTOTYPES = YES;
				CLANG_WARN_SUSPICIOUS_MOVE = YES;
				CLANG_WARN_UNGUARDED_AVAILABILITY = YES_AGGRESSIVE;
				CLANG_WARN_UNREACHABLE_CODE = YES;
				CLANG_WARN__DUPLICATE_METHOD_MATCH = YES;
				COPY_PHASE_STRIP = NO;
				DEBUG_INFORMATION_FORMAT = dwarf;
				ENABLE_STRICT_OBJC_MSGSEND = YES;
				ENABLE_TESTABILITY = YES;
				ENABLE_USER_SCRIPT_SANDBOXING = YES;
				GCC_C_LANGUAGE_STANDARD = gnu17;
				GCC_DYNAMIC_NO_PIC = NO;
				GCC_NO_COMMON_BLOCKS = YES;
				GCC_OPTIMIZATION_LEVEL = 0;
				GCC_PREPROCESSOR_DEFINITIONS = (
					"DEBUG=1",
					"$(inherited)",
				);
				GCC_WARN_64_TO_32_BIT_CONVERSION = YES;
				GCC_WARN_ABOUT_RETURN_TYPE = YES_ERROR;
				GCC_WARN_UNDECLARED_SELECTOR = YES;
				GCC_WARN_UNINITIALIZED_AUTOS = YES_AGGRESSIVE;
				GCC_WARN_UNUSED_FUNCTION = YES;
				GCC_WARN_UNUSED_VARIABLE = YES;
				IPHONEOS_DEPLOYMENT_TARGET = 18.0;
				LOCALIZATION_PREFERS_STRING_CATALOGS = YES;
				MTL_ENABLE_DEBUG_INFO = INCLUDE_SOURCE;
				MTL_FAST_MATH = YES;
				ONLY_ACTIVE_ARCH = YES;
				SDKROOT = iphoneos;
				SWIFT_ACTIVE_COMPILATION_CONDITIONS = "DEBUG $(inherited)";
				SWIFT_OPTIMIZATION_LEVEL = "-Onone";
			};
			name = Debug;
		};
		45FA55152CB8279300C5292D /* Release */ = {
			isa = XCBuildConfiguration;
			buildSettings = {
				ALWAYS_SEARCH_USER_PATHS = NO;
				ASSETCATALOG_COMPILER_GENERATE_SWIFT_ASSET_SYMBOL_EXTENSIONS = YES;
				CLANG_ANALYZER_NONNULL = YES;
				CLANG_ANALYZER_NUMBER_OBJECT_CONVERSION = YES_AGGRESSIVE;
				CLANG_CXX_LANGUAGE_STANDARD = "gnu++20";
				CLANG_ENABLE_MODULES = YES;
				CLANG_ENABLE_OBJC_ARC = YES;
				CLANG_ENABLE_OBJC_WEAK = YES;
				CLANG_WARN_BLOCK_CAPTURE_AUTORELEASING = YES;
				CLANG_WARN_BOOL_CONVERSION = YES;
				CLANG_WARN_COMMA = YES;
				CLANG_WARN_CONSTANT_CONVERSION = YES;
				CLANG_WARN_DEPRECATED_OBJC_IMPLEMENTATIONS = YES;
				CLANG_WARN_DIRECT_OBJC_ISA_USAGE = YES_ERROR;
				CLANG_WARN_DOCUMENTATION_COMMENTS = YES;
				CLANG_WARN_EMPTY_BODY = YES;
				CLANG_WARN_ENUM_CONVERSION = YES;
				CLANG_WARN_INFINITE_RECURSION = YES;
				CLANG_WARN_INT_CONVERSION = YES;
				CLANG_WARN_NON_LITERAL_NULL_CONVERSION = YES;
				CLANG_WARN_OBJC_IMPLICIT_RETAIN_SELF = YES;
				CLANG_WARN_OBJC_LITERAL_CONVERSION = YES;
				CLANG_WARN_OBJC_ROOT_CLASS = YES_ERROR;
				CLANG_WARN_QUOTED_INCLUDE_IN_FRAMEWORK_HEADER = YES;
				CLANG_WARN_RANGE_LOOP_ANALYSIS = YES;
				CLANG_WARN_STRICT_PROTOTYPES = YES;
				CLANG_WARN_SUSPICIOUS_MOVE = YES;
				CLANG_WARN_UNGUARDED_AVAILABILITY = YES_AGGRESSIVE;
				CLANG_WARN_UNREACHABLE_CODE = YES;
				CLANG_WARN__DUPLICATE_METHOD_MATCH = YES;
				COPY_PHASE_STRIP = NO;
				DEBUG_INFORMATION_FORMAT = "dwarf-with-dsym";
				ENABLE_NS_ASSERTIONS = NO;
				ENABLE_STRICT_OBJC_MSGSEND = YES;
				ENABLE_USER_SCRIPT_SANDBOXING = YES;
				GCC_C_LANGUAGE_STANDARD = gnu17;
				GCC_NO_COMMON_BLOCKS = YES;
				GCC_WARN_64_TO_32_BIT_CONVERSION = YES;
				GCC_WARN_ABOUT_RETURN_TYPE = YES_ERROR;
				GCC_WARN_UNDECLARED_SELECTOR = YES;
				GCC_WARN_UNINITIALIZED_AUTOS = YES_AGGRESSIVE;
				GCC_WARN_UNUSED_FUNCTION = YES;
				GCC_WARN_UNUSED_VARIABLE = YES;
				IPHONEOS_DEPLOYMENT_TARGET = 18.0;
				LOCALIZATION_PREFERS_STRING_CATALOGS = YES;
				MTL_ENABLE_DEBUG_INFO = NO;
				MTL_FAST_MATH = YES;
				SDKROOT = iphoneos;
				SWIFT_COMPILATION_MODE = wholemodule;
				VALIDATE_PRODUCT = YES;
			};
			name = Release;
		};
		45FA55172CB8279300C5292D /* Debug */ = {
			isa = XCBuildConfiguration;
			buildSettings = {
				ASSETCATALOG_COMPILER_APPICON_NAME = AppIcon;
				ASSETCATALOG_COMPILER_GLOBAL_ACCENT_COLOR_NAME = AccentColor;
				CODE_SIGN_STYLE = Automatic;
				CURRENT_PROJECT_VERSION = 1;
				DEVELOPMENT_ASSET_PATHS = "\"MakeABet/Preview Content\"";
				ENABLE_PREVIEWS = YES;
				GENERATE_INFOPLIST_FILE = YES;
				INFOPLIST_KEY_UIApplicationSceneManifest_Generation = YES;
				INFOPLIST_KEY_UIApplicationSupportsIndirectInputEvents = YES;
				INFOPLIST_KEY_UILaunchScreen_Generation = YES;
				INFOPLIST_KEY_UISupportedInterfaceOrientations_iPad = "UIInterfaceOrientationPortrait UIInterfaceOrientationPortraitUpsideDown UIInterfaceOrientationLandscapeLeft UIInterfaceOrientationLandscapeRight";
				INFOPLIST_KEY_UISupportedInterfaceOrientations_iPhone = "UIInterfaceOrientationPortrait UIInterfaceOrientationLandscapeLeft UIInterfaceOrientationLandscapeRight";
				IPHONEOS_DEPLOYMENT_TARGET = 15.6;
				LD_RUNPATH_SEARCH_PATHS = (
					"$(inherited)",
					"@executable_path/Frameworks",
				);
				MARKETING_VERSION = 1.0;
				PRODUCT_BUNDLE_IDENTIFIER = MobileApp.MakeABet;
				PRODUCT_NAME = "$(TARGET_NAME)";
				SWIFT_EMIT_LOC_STRINGS = YES;
				SWIFT_VERSION = 5.0;
				TARGETED_DEVICE_FAMILY = "1,2";
			};
			name = Debug;
		};
		45FA55182CB8279300C5292D /* Release */ = {
			isa = XCBuildConfiguration;
			buildSettings = {
				ASSETCATALOG_COMPILER_APPICON_NAME = AppIcon;
				ASSETCATALOG_COMPILER_GLOBAL_ACCENT_COLOR_NAME = AccentColor;
				CODE_SIGN_STYLE = Automatic;
				CURRENT_PROJECT_VERSION = 1;
				DEVELOPMENT_ASSET_PATHS = "\"MakeABet/Preview Content\"";
				ENABLE_PREVIEWS = YES;
				GENERATE_INFOPLIST_FILE = YES;
				INFOPLIST_KEY_UIApplicationSceneManifest_Generation = YES;
				INFOPLIST_KEY_UIApplicationSupportsIndirectInputEvents = YES;
				INFOPLIST_KEY_UILaunchScreen_Generation = YES;
				INFOPLIST_KEY_UISupportedInterfaceOrientations_iPad = "UIInterfaceOrientationPortrait UIInterfaceOrientationPortraitUpsideDown UIInterfaceOrientationLandscapeLeft UIInterfaceOrientationLandscapeRight";
				INFOPLIST_KEY_UISupportedInterfaceOrientations_iPhone = "UIInterfaceOrientationPortrait UIInterfaceOrientationLandscapeLeft UIInterfaceOrientationLandscapeRight";
				IPHONEOS_DEPLOYMENT_TARGET = 15.6;
				LD_RUNPATH_SEARCH_PATHS = (
					"$(inherited)",
					"@executable_path/Frameworks",
				);
				MARKETING_VERSION = 1.0;
				PRODUCT_BUNDLE_IDENTIFIER = MobileApp.MakeABet;
				PRODUCT_NAME = "$(TARGET_NAME)";
				SWIFT_EMIT_LOC_STRINGS = YES;
				SWIFT_VERSION = 5.0;
				TARGETED_DEVICE_FAMILY = "1,2";
			};
			name = Release;
		};
		45FA551A2CB8279300C5292D /* Debug */ = {
			isa = XCBuildConfiguration;
			buildSettings = {
				BUNDLE_LOADER = "$(TEST_HOST)";
				CODE_SIGN_STYLE = Automatic;
				CURRENT_PROJECT_VERSION = 1;
				GENERATE_INFOPLIST_FILE = YES;
				IPHONEOS_DEPLOYMENT_TARGET = 18.0;
				MARKETING_VERSION = 1.0;
				PRODUCT_BUNDLE_IDENTIFIER = MobileApp.MakeABetTests;
				PRODUCT_NAME = "$(TARGET_NAME)";
				SWIFT_EMIT_LOC_STRINGS = NO;
				SWIFT_VERSION = 5.0;
				TARGETED_DEVICE_FAMILY = "1,2";
				TEST_HOST = "$(BUILT_PRODUCTS_DIR)/MakeABet.app/$(BUNDLE_EXECUTABLE_FOLDER_PATH)/MakeABet";
			};
			name = Debug;
		};
		45FA551B2CB8279300C5292D /* Release */ = {
			isa = XCBuildConfiguration;
			buildSettings = {
				BUNDLE_LOADER = "$(TEST_HOST)";
				CODE_SIGN_STYLE = Automatic;
				CURRENT_PROJECT_VERSION = 1;
				GENERATE_INFOPLIST_FILE = YES;
				IPHONEOS_DEPLOYMENT_TARGET = 18.0;
				MARKETING_VERSION = 1.0;
				PRODUCT_BUNDLE_IDENTIFIER = MobileApp.MakeABetTests;
				PRODUCT_NAME = "$(TARGET_NAME)";
				SWIFT_EMIT_LOC_STRINGS = NO;
				SWIFT_VERSION = 5.0;
				TARGETED_DEVICE_FAMILY = "1,2";
				TEST_HOST = "$(BUILT_PRODUCTS_DIR)/MakeABet.app/$(BUNDLE_EXECUTABLE_FOLDER_PATH)/MakeABet";
			};
			name = Release;
		};
		45FA551D2CB8279300C5292D /* Debug */ = {
			isa = XCBuildConfiguration;
			buildSettings = {
				CODE_SIGN_STYLE = Automatic;
				CURRENT_PROJECT_VERSION = 1;
				GENERATE_INFOPLIST_FILE = YES;
				MARKETING_VERSION = 1.0;
				PRODUCT_BUNDLE_IDENTIFIER = MobileApp.MakeABetUITests;
				PRODUCT_NAME = "$(TARGET_NAME)";
				SWIFT_EMIT_LOC_STRINGS = NO;
				SWIFT_VERSION = 5.0;
				TARGETED_DEVICE_FAMILY = "1,2";
				TEST_TARGET_NAME = MakeABet;
			};
			name = Debug;
		};
		45FA551E2CB8279300C5292D /* Release */ = {
			isa = XCBuildConfiguration;
			buildSettings = {
				CODE_SIGN_STYLE = Automatic;
				CURRENT_PROJECT_VERSION = 1;
				GENERATE_INFOPLIST_FILE = YES;
				MARKETING_VERSION = 1.0;
				PRODUCT_BUNDLE_IDENTIFIER = MobileApp.MakeABetUITests;
				PRODUCT_NAME = "$(TARGET_NAME)";
				SWIFT_EMIT_LOC_STRINGS = NO;
				SWIFT_VERSION = 5.0;
				TARGETED_DEVICE_FAMILY = "1,2";
				TEST_TARGET_NAME = MakeABet;
			};
			name = Release;
		};
/* End XCBuildConfiguration section */

/* Begin XCConfigurationList section */
		45FA54ED2CB8278800C5292D /* Build configuration list for PBXProject "MakeABet" */ = {
			isa = XCConfigurationList;
			buildConfigurations = (
				45FA55142CB8279300C5292D /* Debug */,
				45FA55152CB8279300C5292D /* Release */,
			);
			defaultConfigurationIsVisible = 0;
			defaultConfigurationName = Release;
		};
		45FA55162CB8279300C5292D /* Build configuration list for PBXNativeTarget "MakeABet" */ = {
			isa = XCConfigurationList;
			buildConfigurations = (
				45FA55172CB8279300C5292D /* Debug */,
				45FA55182CB8279300C5292D /* Release */,
			);
			defaultConfigurationIsVisible = 0;
			defaultConfigurationName = Release;
		};
		45FA55192CB8279300C5292D /* Build configuration list for PBXNativeTarget "MakeABetTests" */ = {
			isa = XCConfigurationList;
			buildConfigurations = (
				45FA551A2CB8279300C5292D /* Debug */,
				45FA551B2CB8279300C5292D /* Release */,
			);
			defaultConfigurationIsVisible = 0;
			defaultConfigurationName = Release;
		};
		45FA551C2CB8279300C5292D /* Build configuration list for PBXNativeTarget "MakeABetUITests" */ = {
			isa = XCConfigurationList;
			buildConfigurations = (
				45FA551D2CB8279300C5292D /* Debug */,
				45FA551E2CB8279300C5292D /* Release */,
			);
			defaultConfigurationIsVisible = 0;
			defaultConfigurationName = Release;
		};
/* End XCConfigurationList section */

/* Begin XCRemoteSwiftPackageReference section */
		BB0742CC2CD16B2B00AD98FF /* XCRemoteSwiftPackageReference "firebase-ios-sdk" */ = {
			isa = XCRemoteSwiftPackageReference;
			repositoryURL = "https://github.com/firebase/firebase-ios-sdk";
			requirement = {
				kind = upToNextMajorVersion;
				minimumVersion = 11.4.0;
			};
		};
/* End XCRemoteSwiftPackageReference section */

/* Begin XCSwiftPackageProductDependency section */
		BB0742F92CD175E600AD98FF /* FirebaseAuth */ = {
			isa = XCSwiftPackageProductDependency;
			package = BB0742CC2CD16B2B00AD98FF /* XCRemoteSwiftPackageReference "firebase-ios-sdk" */;
			productName = FirebaseAuth;
		};
		BB0742FB2CD175EA00AD98FF /* FirebaseAnalytics */ = {
			isa = XCSwiftPackageProductDependency;
			package = BB0742CC2CD16B2B00AD98FF /* XCRemoteSwiftPackageReference "firebase-ios-sdk" */;
			productName = FirebaseAnalytics;
		};
		BB0742FD2CD175ED00AD98FF /* FirebaseCore */ = {
			isa = XCSwiftPackageProductDependency;
			package = BB0742CC2CD16B2B00AD98FF /* XCRemoteSwiftPackageReference "firebase-ios-sdk" */;
			productName = FirebaseCore;
		};
		BB504B212CE2572E00F6E23B /* FirebaseFirestore */ = {
			isa = XCSwiftPackageProductDependency;
			package = BB0742CC2CD16B2B00AD98FF /* XCRemoteSwiftPackageReference "firebase-ios-sdk" */;
			productName = FirebaseFirestore;
		};
/* End XCSwiftPackageProductDependency section */
	};
	rootObject = 45FA54EA2CB8278800C5292D /* Project object */;
}
